{
  "name": "palms",
  "lockfileVersion": 3,
  "requires": true,
  "packages": {
    "": {
      "dependencies": {
        "solution-runner": "file:../../../../.."
      }
    },
    "../../../../..": {},
    "node_modules/solution-runner": {
      "resolved": "../../../../..",
      "link": true
    }
  }
}
